// !$*UTF8*$!
{
	archiveVersion = 1;
	classes = {
	};
	objectVersion = 50;
	objects = {

/* Begin PBXBuildFile section */
		76650981259BB0CE004E3053 /* movieAppApp.swift in Sources */ = {isa = PBXBuildFile; fileRef = 76650980259BB0CE004E3053 /* movieAppApp.swift */; };
		76650983259BB0CE004E3053 /* ContentView.swift in Sources */ = {isa = PBXBuildFile; fileRef = 76650982259BB0CE004E3053 /* ContentView.swift */; };
		76650985259BB0CF004E3053 /* Assets.xcassets in Resources */ = {isa = PBXBuildFile; fileRef = 76650984259BB0CF004E3053 /* Assets.xcassets */; };
		76650988259BB0CF004E3053 /* Preview Assets.xcassets in Resources */ = {isa = PBXBuildFile; fileRef = 76650987259BB0CF004E3053 /* Preview Assets.xcassets */; };
		766509A8259BB513004E3053 /* Montserrat-LightItalic.ttf in Resources */ = {isa = PBXBuildFile; fileRef = 76650991259BB513004E3053 /* Montserrat-LightItalic.ttf */; };
		766509A9259BB513004E3053 /* AndikaNewBasic-BoldItalic.ttf in Resources */ = {isa = PBXBuildFile; fileRef = 76650993259BB513004E3053 /* AndikaNewBasic-BoldItalic.ttf */; };
		766509AA259BB513004E3053 /* Vibes-Regular.ttf in Resources */ = {isa = PBXBuildFile; fileRef = 76650994259BB513004E3053 /* Vibes-Regular.ttf */; };
		766509AB259BB513004E3053 /* Montserrat-Medium.ttf in Resources */ = {isa = PBXBuildFile; fileRef = 76650995259BB513004E3053 /* Montserrat-Medium.ttf */; };
		766509AC259BB513004E3053 /* AndikaNewBasic-Bold.ttf in Resources */ = {isa = PBXBuildFile; fileRef = 76650996259BB513004E3053 /* AndikaNewBasic-Bold.ttf */; };
		766509AD259BB513004E3053 /* (A) Arslan Wessam A (A) Arslan Wessam A.ttf in Resources */ = {isa = PBXBuildFile; fileRef = 76650997259BB513004E3053 /* (A) Arslan Wessam A (A) Arslan Wessam A.ttf */; };
		766509AE259BB513004E3053 /* ArefRuqaa-Regular.ttf in Resources */ = {isa = PBXBuildFile; fileRef = 76650998259BB513004E3053 /* ArefRuqaa-Regular.ttf */; };
		766509AF259BB513004E3053 /* Montserrat-Light.ttf in Resources */ = {isa = PBXBuildFile; fileRef = 76650999259BB513004E3053 /* Montserrat-Light.ttf */; };
		766509B0259BB513004E3053 /* Montserrat-Thin.ttf in Resources */ = {isa = PBXBuildFile; fileRef = 7665099A259BB513004E3053 /* Montserrat-Thin.ttf */; };
		766509B1259BB513004E3053 /* Montserrat-Bold.ttf in Resources */ = {isa = PBXBuildFile; fileRef = 7665099B259BB513004E3053 /* Montserrat-Bold.ttf */; };
		766509B2259BB513004E3053 /* AndikaNewBasic-Regular.ttf in Resources */ = {isa = PBXBuildFile; fileRef = 7665099C259BB513004E3053 /* AndikaNewBasic-Regular.ttf */; };
		766509B3259BB513004E3053 /* ArefRuqaa-Bold.ttf in Resources */ = {isa = PBXBuildFile; fileRef = 7665099D259BB513004E3053 /* ArefRuqaa-Bold.ttf */; };
		766509B4259BB513004E3053 /* Montserrat-SemiBold.ttf in Resources */ = {isa = PBXBuildFile; fileRef = 7665099E259BB513004E3053 /* Montserrat-SemiBold.ttf */; };
		766509B5259BB513004E3053 /* ReemKufi-Regular.ttf in Resources */ = {isa = PBXBuildFile; fileRef = 7665099F259BB513004E3053 /* ReemKufi-Regular.ttf */; };
		766509B6259BB513004E3053 /* Montserrat-Black.ttf in Resources */ = {isa = PBXBuildFile; fileRef = 766509A0259BB513004E3053 /* Montserrat-Black.ttf */; };
		766509B7259BB513004E3053 /* Montserrat-Regular.ttf in Resources */ = {isa = PBXBuildFile; fileRef = 766509A1259BB513004E3053 /* Montserrat-Regular.ttf */; };
		766509B8259BB513004E3053 /* Montserrat-BoldItalic.ttf in Resources */ = {isa = PBXBuildFile; fileRef = 766509A2259BB513004E3053 /* Montserrat-BoldItalic.ttf */; };
		766509B9259BB513004E3053 /* Montserrat-ThinItalic.ttf in Resources */ = {isa = PBXBuildFile; fileRef = 766509A3259BB513004E3053 /* Montserrat-ThinItalic.ttf */; };
		766509BA259BB513004E3053 /* Montserrat-MediumItalic.ttf in Resources */ = {isa = PBXBuildFile; fileRef = 766509A4259BB513004E3053 /* Montserrat-MediumItalic.ttf */; };
		766509BB259BB513004E3053 /* Montserrat-BlackItalic.ttf in Resources */ = {isa = PBXBuildFile; fileRef = 766509A5259BB513004E3053 /* Montserrat-BlackItalic.ttf */; };
		766509BC259BB513004E3053 /* Montserrat-Italic.ttf in Resources */ = {isa = PBXBuildFile; fileRef = 766509A6259BB513004E3053 /* Montserrat-Italic.ttf */; };
		766509BD259BB513004E3053 /* Montserrat-SemiBoldItalic.ttf in Resources */ = {isa = PBXBuildFile; fileRef = 766509A7259BB513004E3053 /* Montserrat-SemiBoldItalic.ttf */; };
		76CB400525A0E14400930909 /* MovieDetailsView.swift in Sources */ = {isa = PBXBuildFile; fileRef = 76CB400425A0E14400930909 /* MovieDetailsView.swift */; };
		76CB400925A0EF1200930909 /* Movie.swift in Sources */ = {isa = PBXBuildFile; fileRef = 76CB400825A0EF1200930909 /* Movie.swift */; };
/* End PBXBuildFile section */

/* Begin PBXFileReference section */
		7665097D259BB0CE004E3053 /* movieApp.app */ = {isa = PBXFileReference; explicitFileType = wrapper.application; includeInIndex = 0; path = movieApp.app; sourceTree = BUILT_PRODUCTS_DIR; };
		76650980259BB0CE004E3053 /* movieAppApp.swift */ = {isa = PBXFileReference; lastKnownFileType = sourcecode.swift; path = movieAppApp.swift; sourceTree = "<group>"; };
		76650982259BB0CE004E3053 /* ContentView.swift */ = {isa = PBXFileReference; lastKnownFileType = sourcecode.swift; path = ContentView.swift; sourceTree = "<group>"; };
		76650984259BB0CF004E3053 /* Assets.xcassets */ = {isa = PBXFileReference; lastKnownFileType = folder.assetcatalog; path = Assets.xcassets; sourceTree = "<group>"; };
		76650987259BB0CF004E3053 /* Preview Assets.xcassets */ = {isa = PBXFileReference; lastKnownFileType = folder.assetcatalog; path = "Preview Assets.xcassets"; sourceTree = "<group>"; };
		76650989259BB0CF004E3053 /* Info.plist */ = {isa = PBXFileReference; lastKnownFileType = text.plist.xml; path = Info.plist; sourceTree = "<group>"; };
		76650991259BB513004E3053 /* Montserrat-LightItalic.ttf */ = {isa = PBXFileReference; lastKnownFileType = file; path = "Montserrat-LightItalic.ttf"; sourceTree = "<group>"; };
		76650993259BB513004E3053 /* AndikaNewBasic-BoldItalic.ttf */ = {isa = PBXFileReference; lastKnownFileType = file; path = "AndikaNewBasic-BoldItalic.ttf"; sourceTree = "<group>"; };
		76650994259BB513004E3053 /* Vibes-Regular.ttf */ = {isa = PBXFileReference; lastKnownFileType = file; path = "Vibes-Regular.ttf"; sourceTree = "<group>"; };
		76650995259BB513004E3053 /* Montserrat-Medium.ttf */ = {isa = PBXFileReference; lastKnownFileType = file; path = "Montserrat-Medium.ttf"; sourceTree = "<group>"; };
		76650996259BB513004E3053 /* AndikaNewBasic-Bold.ttf */ = {isa = PBXFileReference; lastKnownFileType = file; path = "AndikaNewBasic-Bold.ttf"; sourceTree = "<group>"; };
		76650997259BB513004E3053 /* (A) Arslan Wessam A (A) Arslan Wessam A.ttf */ = {isa = PBXFileReference; lastKnownFileType = file; path = "(A) Arslan Wessam A (A) Arslan Wessam A.ttf"; sourceTree = "<group>"; };
		76650998259BB513004E3053 /* ArefRuqaa-Regular.ttf */ = {isa = PBXFileReference; lastKnownFileType = file; path = "ArefRuqaa-Regular.ttf"; sourceTree = "<group>"; };
		76650999259BB513004E3053 /* Montserrat-Light.ttf */ = {isa = PBXFileReference; lastKnownFileType = file; path = "Montserrat-Light.ttf"; sourceTree = "<group>"; };
		7665099A259BB513004E3053 /* Montserrat-Thin.ttf */ = {isa = PBXFileReference; lastKnownFileType = file; path = "Montserrat-Thin.ttf"; sourceTree = "<group>"; };
		7665099B259BB513004E3053 /* Montserrat-Bold.ttf */ = {isa = PBXFileReference; lastKnownFileType = file; path = "Montserrat-Bold.ttf"; sourceTree = "<group>"; };
		7665099C259BB513004E3053 /* AndikaNewBasic-Regular.ttf */ = {isa = PBXFileReference; lastKnownFileType = file; path = "AndikaNewBasic-Regular.ttf"; sourceTree = "<group>"; };
		7665099D259BB513004E3053 /* ArefRuqaa-Bold.ttf */ = {isa = PBXFileReference; lastKnownFileType = file; path = "ArefRuqaa-Bold.ttf"; sourceTree = "<group>"; };
		7665099E259BB513004E3053 /* Montserrat-SemiBold.ttf */ = {isa = PBXFileReference; lastKnownFileType = file; path = "Montserrat-SemiBold.ttf"; sourceTree = "<group>"; };
		7665099F259BB513004E3053 /* ReemKufi-Regular.ttf */ = {isa = PBXFileReference; lastKnownFileType = file; path = "ReemKufi-Regular.ttf"; sourceTree = "<group>"; };
		766509A0259BB513004E3053 /* Montserrat-Black.ttf */ = {isa = PBXFileReference; lastKnownFileType = file; path = "Montserrat-Black.ttf"; sourceTree = "<group>"; };
		766509A1259BB513004E3053 /* Montserrat-Regular.ttf */ = {isa = PBXFileReference; lastKnownFileType = file; path = "Montserrat-Regular.ttf"; sourceTree = "<group>"; };
		766509A2259BB513004E3053 /* Montserrat-BoldItalic.ttf */ = {isa = PBXFileReference; lastKnownFileType = file; path = "Montserrat-BoldItalic.ttf"; sourceTree = "<group>"; };
		766509A3259BB513004E3053 /* Montserrat-ThinItalic.ttf */ = {isa = PBXFileReference; lastKnownFileType = file; path = "Montserrat-ThinItalic.ttf"; sourceTree = "<group>"; };
		766509A4259BB513004E3053 /* Montserrat-MediumItalic.ttf */ = {isa = PBXFileReference; lastKnownFileType = file; path = "Montserrat-MediumItalic.ttf"; sourceTree = "<group>"; };
		766509A5259BB513004E3053 /* Montserrat-BlackItalic.ttf */ = {isa = PBXFileReference; lastKnownFileType = file; path = "Montserrat-BlackItalic.ttf"; sourceTree = "<group>"; };
		766509A6259BB513004E3053 /* Montserrat-Italic.ttf */ = {isa = PBXFileReference; lastKnownFileType = file; path = "Montserrat-Italic.ttf"; sourceTree = "<group>"; };
		766509A7259BB513004E3053 /* Montserrat-SemiBoldItalic.ttf */ = {isa = PBXFileReference; lastKnownFileType = file; path = "Montserrat-SemiBoldItalic.ttf"; sourceTree = "<group>"; };
		76CB400425A0E14400930909 /* MovieDetailsView.swift */ = {isa = PBXFileReference; lastKnownFileType = sourcecode.swift; path = MovieDetailsView.swift; sourceTree = "<group>"; };
		76CB400825A0EF1200930909 /* Movie.swift */ = {isa = PBXFileReference; lastKnownFileType = sourcecode.swift; path = Movie.swift; sourceTree = "<group>"; };
/* End PBXFileReference section */

/* Begin PBXFrameworksBuildPhase section */
		7665097A259BB0CE004E3053 /* Frameworks */ = {
			isa = PBXFrameworksBuildPhase;
			buildActionMask = 2147483647;
			files = (
			);
			runOnlyForDeploymentPostprocessing = 0;
		};
/* End PBXFrameworksBuildPhase section */

/* Begin PBXGroup section */
		76650974259BB0CE004E3053 = {
			isa = PBXGroup;
			children = (
				7665097F259BB0CE004E3053 /* movieApp */,
				7665097E259BB0CE004E3053 /* Products */,
			);
			sourceTree = "<group>";
		};
		7665097E259BB0CE004E3053 /* Products */ = {
			isa = PBXGroup;
			children = (
				7665097D259BB0CE004E3053 /* movieApp.app */,
			);
			name = Products;
			sourceTree = "<group>";
		};
		7665097F259BB0CE004E3053 /* movieApp */ = {
			isa = PBXGroup;
			children = (
				76CB400725A0EEB200930909 /* Models */,
				76650980259BB0CE004E3053 /* movieAppApp.swift */,
				76650982259BB0CE004E3053 /* ContentView.swift */,
				76CB400425A0E14400930909 /* MovieDetailsView.swift */,
				76650984259BB0CF004E3053 /* Assets.xcassets */,
				76650989259BB0CF004E3053 /* Info.plist */,
				76650990259BB513004E3053 /* fonts */,
				76650986259BB0CF004E3053 /* Preview Content */,
			);
			path = movieApp;
			sourceTree = "<group>";
		};
		76650986259BB0CF004E3053 /* Preview Content */ = {
			isa = PBXGroup;
			children = (
				76650987259BB0CF004E3053 /* Preview Assets.xcassets */,
			);
			path = "Preview Content";
			sourceTree = "<group>";
		};
		76650990259BB513004E3053 /* fonts */ = {
			isa = PBXGroup;
			children = (
				76650991259BB513004E3053 /* Montserrat-LightItalic.ttf */,
				76650992259BB513004E3053 /* Arabic  */,
				766509A2259BB513004E3053 /* Montserrat-BoldItalic.ttf */,
				766509A3259BB513004E3053 /* Montserrat-ThinItalic.ttf */,
				766509A4259BB513004E3053 /* Montserrat-MediumItalic.ttf */,
				766509A5259BB513004E3053 /* Montserrat-BlackItalic.ttf */,
				766509A6259BB513004E3053 /* Montserrat-Italic.ttf */,
				766509A7259BB513004E3053 /* Montserrat-SemiBoldItalic.ttf */,
			);
			path = fonts;
			sourceTree = "<group>";
		};
		76650992259BB513004E3053 /* Arabic  */ = {
			isa = PBXGroup;
			children = (
				76650993259BB513004E3053 /* AndikaNewBasic-BoldItalic.ttf */,
				76650994259BB513004E3053 /* Vibes-Regular.ttf */,
				76650995259BB513004E3053 /* Montserrat-Medium.ttf */,
				76650996259BB513004E3053 /* AndikaNewBasic-Bold.ttf */,
				76650997259BB513004E3053 /* (A) Arslan Wessam A (A) Arslan Wessam A.ttf */,
				76650998259BB513004E3053 /* ArefRuqaa-Regular.ttf */,
				76650999259BB513004E3053 /* Montserrat-Light.ttf */,
				7665099A259BB513004E3053 /* Montserrat-Thin.ttf */,
				7665099B259BB513004E3053 /* Montserrat-Bold.ttf */,
				7665099C259BB513004E3053 /* AndikaNewBasic-Regular.ttf */,
				7665099D259BB513004E3053 /* ArefRuqaa-Bold.ttf */,
				7665099E259BB513004E3053 /* Montserrat-SemiBold.ttf */,
				7665099F259BB513004E3053 /* ReemKufi-Regular.ttf */,
				766509A0259BB513004E3053 /* Montserrat-Black.ttf */,
				766509A1259BB513004E3053 /* Montserrat-Regular.ttf */,
			);
			path = "Arabic ";
			sourceTree = "<group>";
		};
		76CB400725A0EEB200930909 /* Models */ = {
			isa = PBXGroup;
			children = (
				76CB400825A0EF1200930909 /* Movie.swift */,
			);
			path = Models;
			sourceTree = "<group>";
		};
/* End PBXGroup section */

/* Begin PBXNativeTarget section */
		7665097C259BB0CE004E3053 /* movieApp */ = {
			isa = PBXNativeTarget;
			buildConfigurationList = 7665098C259BB0CF004E3053 /* Build configuration list for PBXNativeTarget "movieApp" */;
			buildPhases = (
				76650979259BB0CE004E3053 /* Sources */,
				7665097A259BB0CE004E3053 /* Frameworks */,
				7665097B259BB0CE004E3053 /* Resources */,
			);
			buildRules = (
			);
			dependencies = (
			);
			name = movieApp;
			productName = movieApp;
			productReference = 7665097D259BB0CE004E3053 /* movieApp.app */;
			productType = "com.apple.product-type.application";
		};
/* End PBXNativeTarget section */

/* Begin PBXProject section */
		76650975259BB0CE004E3053 /* Project object */ = {
			isa = PBXProject;
			attributes = {
				LastSwiftUpdateCheck = 1230;
				LastUpgradeCheck = 1230;
				TargetAttributes = {
					7665097C259BB0CE004E3053 = {
						CreatedOnToolsVersion = 12.3;
					};
				};
			};
			buildConfigurationList = 76650978259BB0CE004E3053 /* Build configuration list for PBXProject "movieApp" */;
			compatibilityVersion = "Xcode 9.3";
			developmentRegion = en;
			hasScannedForEncodings = 0;
			knownRegions = (
				en,
				Base,
			);
			mainGroup = 76650974259BB0CE004E3053;
			productRefGroup = 7665097E259BB0CE004E3053 /* Products */;
			projectDirPath = "";
			projectRoot = "";
			targets = (
				7665097C259BB0CE004E3053 /* movieApp */,
			);
		};
/* End PBXProject section */

/* Begin PBXResourcesBuildPhase section */
		7665097B259BB0CE004E3053 /* Resources */ = {
			isa = PBXResourcesBuildPhase;
			buildActionMask = 2147483647;
			files = (
				766509B7259BB513004E3053 /* Montserrat-Regular.ttf in Resources */,
				766509AF259BB513004E3053 /* Montserrat-Light.ttf in Resources */,
				766509B6259BB513004E3053 /* Montserrat-Black.ttf in Resources */,
				766509BB259BB513004E3053 /* Montserrat-BlackItalic.ttf in Resources */,
				766509AC259BB513004E3053 /* AndikaNewBasic-Bold.ttf in Resources */,
				76650988259BB0CF004E3053 /* Preview Assets.xcassets in Resources */,
				766509B2259BB513004E3053 /* AndikaNewBasic-Regular.ttf in Resources */,
				766509AA259BB513004E3053 /* Vibes-Regular.ttf in Resources */,
				766509AE259BB513004E3053 /* ArefRuqaa-Regular.ttf in Resources */,
				766509A9259BB513004E3053 /* AndikaNewBasic-BoldItalic.ttf in Resources */,
				766509B5259BB513004E3053 /* ReemKufi-Regular.ttf in Resources */,
				76650985259BB0CF004E3053 /* Assets.xcassets in Resources */,
				766509B3259BB513004E3053 /* ArefRuqaa-Bold.ttf in Resources */,
				766509B4259BB513004E3053 /* Montserrat-SemiBold.ttf in Resources */,
				766509B8259BB513004E3053 /* Montserrat-BoldItalic.ttf in Resources */,
				766509B9259BB513004E3053 /* Montserrat-ThinItalic.ttf in Resources */,
				766509BC259BB513004E3053 /* Montserrat-Italic.ttf in Resources */,
				766509B0259BB513004E3053 /* Montserrat-Thin.ttf in Resources */,
				766509BD259BB513004E3053 /* Montserrat-SemiBoldItalic.ttf in Resources */,
				766509BA259BB513004E3053 /* Montserrat-MediumItalic.ttf in Resources */,
				766509B1259BB513004E3053 /* Montserrat-Bold.ttf in Resources */,
				766509AB259BB513004E3053 /* Montserrat-Medium.ttf in Resources */,
				766509A8259BB513004E3053 /* Montserrat-LightItalic.ttf in Resources */,
				766509AD259BB513004E3053 /* (A) Arslan Wessam A (A) Arslan Wessam A.ttf in Resources */,
			);
			runOnlyForDeploymentPostprocessing = 0;
		};
/* End PBXResourcesBuildPhase section */

/* Begin PBXSourcesBuildPhase section */
		76650979259BB0CE004E3053 /* Sources */ = {
			isa = PBXSourcesBuildPhase;
			buildActionMask = 2147483647;
			files = (
				76CB400525A0E14400930909 /* MovieDetailsView.swift in Sources */,
				76650983259BB0CE004E3053 /* ContentView.swift in Sources */,
				76CB400925A0EF1200930909 /* Movie.swift in Sources */,
				76650981259BB0CE004E3053 /* movieAppApp.swift in Sources */,
			);
			runOnlyForDeploymentPostprocessing = 0;
		};
/* End PBXSourcesBuildPhase section */

/* Begin XCBuildConfiguration section */
		7665098A259BB0CF004E3053 /* Debug */ = {
			isa = XCBuildConfiguration;
			buildSettings = {
				ALWAYS_SEARCH_USER_PATHS = NO;
				CLANG_ANALYZER_NONNULL = YES;
				CLANG_ANALYZER_NUMBER_OBJECT_CONVERSION = YES_AGGRESSIVE;
				CLANG_CXX_LANGUAGE_STANDARD = "gnu++14";
				CLANG_CXX_LIBRARY = "libc++";
				CLANG_ENABLE_MODULES = YES;
				CLANG_ENABLE_OBJC_ARC = YES;
				CLANG_ENABLE_OBJC_WEAK = YES;
				CLANG_WARN_BLOCK_CAPTURE_AUTORELEASING = YES;
				CLANG_WARN_BOOL_CONVERSION = YES;
				CLANG_WARN_COMMA = YES;
				CLANG_WARN_CONSTANT_CONVERSION = YES;
				CLANG_WARN_DEPRECATED_OBJC_IMPLEMENTATIONS = YES;
				CLANG_WARN_DIRECT_OBJC_ISA_USAGE = YES_ERROR;
				CLANG_WARN_DOCUMENTATION_COMMENTS = YES;
				CLANG_WARN_EMPTY_BODY = YES;
				CLANG_WARN_ENUM_CONVERSION = YES;
				CLANG_WARN_INFINITE_RECURSION = YES;
				CLANG_WARN_INT_CONVERSION = YES;
				CLANG_WARN_NON_LITERAL_NULL_CONVERSION = YES;
				CLANG_WARN_OBJC_IMPLICIT_RETAIN_SELF = YES;
				CLANG_WARN_OBJC_LITERAL_CONVERSION = YES;
				CLANG_WARN_OBJC_ROOT_CLASS = YES_ERROR;
				CLANG_WARN_QUOTED_INCLUDE_IN_FRAMEWORK_HEADER = YES;
				CLANG_WARN_RANGE_LOOP_ANALYSIS = YES;
				CLANG_WARN_STRICT_PROTOTYPES = YES;
				CLANG_WARN_SUSPICIOUS_MOVE = YES;
				CLANG_WARN_UNGUARDED_AVAILABILITY = YES_AGGRESSIVE;
				CLANG_WARN_UNREACHABLE_CODE = YES;
				CLANG_WARN__DUPLICATE_METHOD_MATCH = YES;
				COPY_PHASE_STRIP = NO;
				DEBUG_INFORMATION_FORMAT = dwarf;
				ENABLE_STRICT_OBJC_MSGSEND = YES;
				ENABLE_TESTABILITY = YES;
				GCC_C_LANGUAGE_STANDARD = gnu11;
				GCC_DYNAMIC_NO_PIC = NO;
				GCC_NO_COMMON_BLOCKS = YES;
				GCC_OPTIMIZATION_LEVEL = 0;
				GCC_PREPROCESSOR_DEFINITIONS = (
					"DEBUG=1",
					"$(inherited)",
				);
				GCC_WARN_64_TO_32_BIT_CONVERSION = YES;
				GCC_WARN_ABOUT_RETURN_TYPE = YES_ERROR;
				GCC_WARN_UNDECLARED_SELECTOR = YES;
				GCC_WARN_UNINITIALIZED_AUTOS = YES_AGGRESSIVE;
				GCC_WARN_UNUSED_FUNCTION = YES;
				GCC_WARN_UNUSED_VARIABLE = YES;
				IPHONEOS_DEPLOYMENT_TARGET = 14.3;
				MTL_ENABLE_DEBUG_INFO = INCLUDE_SOURCE;
				MTL_FAST_MATH = YES;
				ONLY_ACTIVE_ARCH = YES;
				SDKROOT = iphoneos;
				SWIFT_ACTIVE_COMPILATION_CONDITIONS = DEBUG;
				SWIFT_OPTIMIZATION_LEVEL = "-Onone";
			};
			name = Debug;
		};
		7665098B259BB0CF004E3053 /* Release */ = {
			isa = XCBuildConfiguration;
			buildSettings = {
				ALWAYS_SEARCH_USER_PATHS = NO;
				CLANG_ANALYZER_NONNULL = YES;
				CLANG_ANALYZER_NUMBER_OBJECT_CONVERSION = YES_AGGRESSIVE;
				CLANG_CXX_LANGUAGE_STANDARD = "gnu++14";
				CLANG_CXX_LIBRARY = "libc++";
				CLANG_ENABLE_MODULES = YES;
				CLANG_ENABLE_OBJC_ARC = YES;
				CLANG_ENABLE_OBJC_WEAK = YES;
				CLANG_WARN_BLOCK_CAPTURE_AUTORELEASING = YES;
				CLANG_WARN_BOOL_CONVERSION = YES;
				CLANG_WARN_COMMA = YES;
				CLANG_WARN_CONSTANT_CONVERSION = YES;
				CLANG_WARN_DEPRECATED_OBJC_IMPLEMENTATIONS = YES;
				CLANG_WARN_DIRECT_OBJC_ISA_USAGE = YES_ERROR;
				CLANG_WARN_DOCUMENTATION_COMMENTS = YES;
				CLANG_WARN_EMPTY_BODY = YES;
				CLANG_WARN_ENUM_CONVERSION = YES;
				CLANG_WARN_INFINITE_RECURSION = YES;
				CLANG_WARN_INT_CONVERSION = YES;
				CLANG_WARN_NON_LITERAL_NULL_CONVERSION = YES;
				CLANG_WARN_OBJC_IMPLICIT_RETAIN_SELF = YES;
				CLANG_WARN_OBJC_LITERAL_CONVERSION = YES;
				CLANG_WARN_OBJC_ROOT_CLASS = YES_ERROR;
				CLANG_WARN_QUOTED_INCLUDE_IN_FRAMEWORK_HEADER = YES;
				CLANG_WARN_RANGE_LOOP_ANALYSIS = YES;
				CLANG_WARN_STRICT_PROTOTYPES = YES;
				CLANG_WARN_SUSPICIOUS_MOVE = YES;
				CLANG_WARN_UNGUARDED_AVAILABILITY = YES_AGGRESSIVE;
				CLANG_WARN_UNREACHABLE_CODE = YES;
				CLANG_WARN__DUPLICATE_METHOD_MATCH = YES;
				COPY_PHASE_STRIP = NO;
				DEBUG_INFORMATION_FORMAT = "dwarf-with-dsym";
				ENABLE_NS_ASSERTIONS = NO;
				ENABLE_STRICT_OBJC_MSGSEND = YES;
				GCC_C_LANGUAGE_STANDARD = gnu11;
				GCC_NO_COMMON_BLOCKS = YES;
				GCC_WARN_64_TO_32_BIT_CONVERSION = YES;
				GCC_WARN_ABOUT_RETURN_TYPE = YES_ERROR;
				GCC_WARN_UNDECLARED_SELECTOR = YES;
				GCC_WARN_UNINITIALIZED_AUTOS = YES_AGGRESSIVE;
				GCC_WARN_UNUSED_FUNCTION = YES;
				GCC_WARN_UNUSED_VARIABLE = YES;
				IPHONEOS_DEPLOYMENT_TARGET = 14.3;
				MTL_ENABLE_DEBUG_INFO = NO;
				MTL_FAST_MATH = YES;
				SDKROOT = iphoneos;
				SWIFT_COMPILATION_MODE = wholemodule;
				SWIFT_OPTIMIZATION_LEVEL = "-O";
				VALIDATE_PRODUCT = YES;
			};
			name = Release;
		};
		7665098D259BB0CF004E3053 /* Debug */ = {
			isa = XCBuildConfiguration;
			buildSettings = {
				ASSETCATALOG_COMPILER_APPICON_NAME = AppIcon;
				ASSETCATALOG_COMPILER_GLOBAL_ACCENT_COLOR_NAME = AccentColor;
				CODE_SIGN_STYLE = Automatic;
				DEVELOPMENT_ASSET_PATHS = "\"movieApp/Preview Content\"";
				DEVELOPMENT_TEAM = R4VV8XSRSF;
				ENABLE_PREVIEWS = YES;
				INFOPLIST_FILE = movieApp/Info.plist;
				IPHONEOS_DEPLOYMENT_TARGET = 14.0;
				LD_RUNPATH_SEARCH_PATHS = (
					"$(inherited)",
					"@executable_path/Frameworks",
				);
				PRODUCT_BUNDLE_IDENTIFIER = "com.MOHAMMED-BAQER.movieApp";
				PRODUCT_NAME = "$(TARGET_NAME)";
				SWIFT_VERSION = 5.0;
				TARGETED_DEVICE_FAMILY = "1,2";
			};
			name = Debug;
		};
		7665098E259BB0CF004E3053 /* Release */ = {
			isa = XCBuildConfiguration;
			buildSettings = {
				ASSETCATALOG_COMPILER_APPICON_NAME = AppIcon;
				ASSETCATALOG_COMPILER_GLOBAL_ACCENT_COLOR_NAME = AccentColor;
				CODE_SIGN_STYLE = Automatic;
				DEVELOPMENT_ASSET_PATHS = "\"movieApp/Preview Content\"";
				DEVELOPMENT_TEAM = R4VV8XSRSF;
				ENABLE_PREVIEWS = YES;
				INFOPLIST_FILE = movieApp/Info.plist;
				IPHONEOS_DEPLOYMENT_TARGET = 14.0;
				LD_RUNPATH_SEARCH_PATHS = (
					"$(inherited)",
					"@executable_path/Frameworks",
				);
				PRODUCT_BUNDLE_IDENTIFIER = "com.MOHAMMED-BAQER.movieApp";
				PRODUCT_NAME = "$(TARGET_NAME)";
				SWIFT_VERSION = 5.0;
				TARGETED_DEVICE_FAMILY = "1,2";
			};
			name = Release;
		};
/* End XCBuildConfiguration section */

/* Begin XCConfigurationList section */
		76650978259BB0CE004E3053 /* Build configuration list for PBXProject "movieApp" */ = {
			isa = XCConfigurationList;
			buildConfigurations = (
				7665098A259BB0CF004E3053 /* Debug */,
				7665098B259BB0CF004E3053 /* Release */,
			);
			defaultConfigurationIsVisible = 0;
			defaultConfigurationName = Release;
		};
		7665098C259BB0CF004E3053 /* Build configuration list for PBXNativeTarget "movieApp" */ = {
			isa = XCConfigurationList;
			buildConfigurations = (
				7665098D259BB0CF004E3053 /* Debug */,
				7665098E259BB0CF004E3053 /* Release */,
			);
			defaultConfigurationIsVisible = 0;
			defaultConfigurationName = Release;
		};
/* End XCConfigurationList section */
	};
	rootObject = 76650975259BB0CE004E3053 /* Project object */;
}
